
Microsoft Visual Studio Solution File, Format Version 12.00
# Visual Studio 15
VisualStudioVersion = 15.0.28307.136
MinimumVisualStudioVersion = 10.0.40219.1
Project("{8BC9CEB8-8B4A-11D0-8D11-00A0C91BC942}") = "DNSRepeater", "DNSRepeater\DNSRepeater.vcxproj", "{DB6B3C49-3FE5-434D-9E69-BABFFCF26F61}"
EndProject
Project("{8BC9CEB8-8B4A-11D0-8D11-00A0C91BC942}") = "Communicator", "Communicator\Communicator.vcxproj", "{C4B630DE-D0A1-489C-B497-EBFFBC5BD1B6}"
EndProject
Project("{8BC9CEB8-8B4A-11D0-8D11-00A0C91BC942}") = "DBMS", "DBMS\DBMS.vcxproj", "{5B3E621C-A429-4F50-9107-E76F20946DF9}"
EndProject
Project("{8BC9CEB8-8B4A-11D0-8D11-00A0C91BC942}") = "DebugInfo", "DebugInfo\DebugInfo.vcxproj", "{662C280B-6114-402A-ACB9-012F18CBEADD}"
EndProject
Global
	GlobalSection(SolutionConfigurationPlatforms) = preSolution
		Debug|x64 = Debug|x64
		Debug|x86 = Debug|x86
		Release|x64 = Release|x64
		Release|x86 = Release|x86
	EndGlobalSection
	GlobalSection(ProjectConfigurationPlatforms) = postSolution
		{DB6B3C49-3FE5-434D-9E69-BABFFCF26F61}.Debug|x64.ActiveCfg = Debug|x64
		{DB6B3C49-3FE5-434D-9E69-BABFFCF26F61}.Debug|x64.Build.0 = Debug|x64
		{DB6B3C49-3FE5-434D-9E69-BABFFCF26F61}.Debug|x86.ActiveCfg = Debug|Win32
		{DB6B3C49-3FE5-434D-9E69-BABFFCF26F61}.Debug|x86.Build.0 = Debug|Win32
		{DB6B3C49-3FE5-434D-9E69-BABFFCF26F61}.Release|x64.ActiveCfg = Release|x64
		{DB6B3C49-3FE5-434D-9E69-BABFFCF26F61}.Release|x64.Build.0 = Release|x64
		{DB6B3C49-3FE5-434D-9E69-BABFFCF26F61}.Release|x86.ActiveCfg = Release|Win32
		{DB6B3C49-3FE5-434D-9E69-BABFFCF26F61}.Release|x86.Build.0 = Release|Win32
		{C4B630DE-D0A1-489C-B497-EBFFBC5BD1B6}.Debug|x64.ActiveCfg = Debug|x64
		{C4B630DE-D0A1-489C-B497-EBFFBC5BD1B6}.Debug|x64.Build.0 = Debug|x64
		{C4B630DE-D0A1-489C-B497-EBFFBC5BD1B6}.Debug|x86.ActiveCfg = Debug|Win32
		{C4B630DE-D0A1-489C-B497-EBFFBC5BD1B6}.Debug|x86.Build.0 = Debug|Win32
		{C4B630DE-D0A1-489C-B497-EBFFBC5BD1B6}.Release|x64.ActiveCfg = Release|x64
		{C4B630DE-D0A1-489C-B497-EBFFBC5BD1B6}.Release|x64.Build.0 = Release|x64
		{C4B630DE-D0A1-489C-B497-EBFFBC5BD1B6}.Release|x86.ActiveCfg = Release|Win32
		{C4B630DE-D0A1-489C-B497-EBFFBC5BD1B6}.Release|x86.Build.0 = Release|Win32
		{5B3E621C-A429-4F50-9107-E76F20946DF9}.Debug|x64.ActiveCfg = Debug|x64
		{5B3E621C-A429-4F50-9107-E76F20946DF9}.Debug|x64.Build.0 = Debug|x64
		{5B3E621C-A429-4F50-9107-E76F20946DF9}.Debug|x86.ActiveCfg = Debug|Win32
		{5B3E621C-A429-4F50-9107-E76F20946DF9}.Debug|x86.Build.0 = Debug|Win32
		{5B3E621C-A429-4F50-9107-E76F20946DF9}.Release|x64.ActiveCfg = Release|x64
		{5B3E621C-A429-4F50-9107-E76F20946DF9}.Release|x64.Build.0 = Release|x64
		{5B3E621C-A429-4F50-9107-E76F20946DF9}.Release|x86.ActiveCfg = Release|Win32
		{5B3E621C-A429-4F50-9107-E76F20946DF9}.Release|x86.Build.0 = Release|Win32
		{662C280B-6114-402A-ACB9-012F18CBEADD}.Debug|x64.ActiveCfg = Debug|x64
		{662C280B-6114-402A-ACB9-012F18CBEADD}.Debug|x64.Build.0 = Debug|x64
		{662C280B-6114-402A-ACB9-012F18CBEADD}.Debug|x86.ActiveCfg = Debug|Win32
		{662C280B-6114-402A-ACB9-012F18CBEADD}.Debug|x86.Build.0 = Debug|Win32
		{662C280B-6114-402A-ACB9-012F18CBEADD}.Release|x64.ActiveCfg = Release|x64
		{662C280B-6114-402A-ACB9-012F18CBEADD}.Release|x64.Build.0 = Release|x64
		{662C280B-6114-402A-ACB9-012F18CBEADD}.Release|x86.ActiveCfg = Release|Win32
		{662C280B-6114-402A-ACB9-012F18CBEADD}.Release|x86.Build.0 = Release|Win32
	EndGlobalSection
	GlobalSection(SolutionProperties) = preSolution
		HideSolutionNode = FALSE
	EndGlobalSection
	GlobalSection(ExtensibilityGlobals) = postSolution
		SolutionGuid = {A8691A34-32BC-4531-A424-D07B86390F1A}
	EndGlobalSection
EndGlobal
